
Microsoft Visual Studio Solution File, Format Version 12.00
# Visual Studio 15
VisualStudioVersion = 15.0.28010.2036
MinimumVisualStudioVersion = 10.0.40219.1
Project("{8BC9CEB8-8B4A-11D0-8D11-00A0C91BC942}") = "HW2-1", "HW2-1\HW2-1.vcxproj", "{FEFB61A9-961B-4567-BD4B-8F75F7333D02}"
EndProject
Project("{8BC9CEB8-8B4A-11D0-8D11-00A0C91BC942}") = "HW2-2", "HW2-2\HW2-2.vcxproj", "{E498E3BC-5511-48B6-BFC7-7AE5A97B760F}"
EndProject
Project("{8BC9CEB8-8B4A-11D0-8D11-00A0C91BC942}") = "HW2-3", "HW2-3\HW2-3.vcxproj", "{A738475B-4D08-4D76-8876-BBE5791F1D69}"
EndProject
Project("{8BC9CEB8-8B4A-11D0-8D11-00A0C91BC942}") = "HW2-4", "HW2-4\HW2-4.vcxproj", "{921C939B-CB83-4BDA-96C6-7C71DE3C9A28}"
EndProject
Project("{8BC9CEB8-8B4A-11D0-8D11-00A0C91BC942}") = "HW2-5", "HW2-5\HW2-5.vcxproj", "{8FBF2F19-2E4E-4962-980D-4A3FBE7D4501}"
EndProject
Project("{8BC9CEB8-8B4A-11D0-8D11-00A0C91BC942}") = "HW2-6", "HW2-6\HW2-6.vcxproj", "{884202B3-FE3B-495D-94D2-13D492BA1D26}"
EndProject
Project("{8BC9CEB8-8B4A-11D0-8D11-00A0C91BC942}") = "HW2-7", "HW2-7\HW2-7.vcxproj", "{DAE6D22E-C914-44FB-B359-AAD5D75E6DDA}"
EndProject
Project("{8BC9CEB8-8B4A-11D0-8D11-00A0C91BC942}") = "HW2-8", "HW2-8\HW2-8.vcxproj", "{1B4EC92F-B5EC-41A3-AE9F-110C11345D4A}"
EndProject
Project("{8BC9CEB8-8B4A-11D0-8D11-00A0C91BC942}") = "HW2-9", "HW2-9\HW2-9.vcxproj", "{ED9C0855-8DAE-435C-95F1-FD12F10760E3}"
EndProject
Project("{8BC9CEB8-8B4A-11D0-8D11-00A0C91BC942}") = "HW2-10", "HW2-10\HW2-10.vcxproj", "{68A99A7D-7729-40A4-B423-9509FC0FA61D}"
EndProject
Project("{8BC9CEB8-8B4A-11D0-8D11-00A0C91BC942}") = "HW2-11", "HW2-11\HW2-11.vcxproj", "{FDE703D9-D32B-41E6-B78F-C6936288443E}"
EndProject
Project("{8BC9CEB8-8B4A-11D0-8D11-00A0C91BC942}") = "HW2-12", "HW2-12\HW2-12.vcxproj", "{B31AA0B7-1822-42AE-A5F2-1E1F6F29A0BE}"
EndProject
Project("{8BC9CEB8-8B4A-11D0-8D11-00A0C91BC942}") = "HW2-13", "HW2-13\HW2-13.vcxproj", "{8FA4E557-9EB9-4111-8FB1-1AE9CA48D432}"
EndProject
Project("{8BC9CEB8-8B4A-11D0-8D11-00A0C91BC942}") = "HW2-14", "HW2-14\HW2-14.vcxproj", "{21F474D8-7A36-4184-9A21-361F7126A3BF}"
EndProject
Project("{8BC9CEB8-8B4A-11D0-8D11-00A0C91BC942}") = "HW2-15", "HW2-15\HW2-15.vcxproj", "{015DB891-3103-4ACB-BC1D-EEE94C18A73A}"
EndProject
Project("{8BC9CEB8-8B4A-11D0-8D11-00A0C91BC942}") = "HW2-16", "HW2-16\HW2-16.vcxproj", "{02E2FF1D-9E93-4103-BE16-7D993C2CD123}"
EndProject
Project("{8BC9CEB8-8B4A-11D0-8D11-00A0C91BC942}") = "HW2-17", "HW2-17\HW2-17.vcxproj", "{DCC4CE5F-53B0-4A54-A0BF-E8DCEE16EB02}"
EndProject
Project("{8BC9CEB8-8B4A-11D0-8D11-00A0C91BC942}") = "HW2-18", "HW2-18\HW2-18.vcxproj", "{4E792AD9-A520-47AF-9E0E-716A62EC4CD7}"
EndProject
Project("{8BC9CEB8-8B4A-11D0-8D11-00A0C91BC942}") = "HW2-19", "HW2-19\HW2-19.vcxproj", "{AFF19B8C-9E09-4D21-B4D9-C3307FC14D0D}"
EndProject
Global
	GlobalSection(SolutionConfigurationPlatforms) = preSolution
		Debug|x64 = Debug|x64
		Debug|x86 = Debug|x86
		Release|x64 = Release|x64
		Release|x86 = Release|x86
	EndGlobalSection
	GlobalSection(ProjectConfigurationPlatforms) = postSolution
		{FEFB61A9-961B-4567-BD4B-8F75F7333D02}.Debug|x64.ActiveCfg = Debug|x64
		{FEFB61A9-961B-4567-BD4B-8F75F7333D02}.Debug|x64.Build.0 = Debug|x64
		{FEFB61A9-961B-4567-BD4B-8F75F7333D02}.Debug|x86.ActiveCfg = Debug|Win32
		{FEFB61A9-961B-4567-BD4B-8F75F7333D02}.Debug|x86.Build.0 = Debug|Win32
		{FEFB61A9-961B-4567-BD4B-8F75F7333D02}.Release|x64.ActiveCfg = Release|x64
		{FEFB61A9-961B-4567-BD4B-8F75F7333D02}.Release|x64.Build.0 = Release|x64
		{FEFB61A9-961B-4567-BD4B-8F75F7333D02}.Release|x86.ActiveCfg = Release|Win32
		{FEFB61A9-961B-4567-BD4B-8F75F7333D02}.Release|x86.Build.0 = Release|Win32
		{E498E3BC-5511-48B6-BFC7-7AE5A97B760F}.Debug|x64.ActiveCfg = Debug|x64
		{E498E3BC-5511-48B6-BFC7-7AE5A97B760F}.Debug|x64.Build.0 = Debug|x64
		{E498E3BC-5511-48B6-BFC7-7AE5A97B760F}.Debug|x86.ActiveCfg = Debug|Win32
		{E498E3BC-5511-48B6-BFC7-7AE5A97B760F}.Debug|x86.Build.0 = Debug|Win32
		{E498E3BC-5511-48B6-BFC7-7AE5A97B760F}.Release|x64.ActiveCfg = Release|x64
		{E498E3BC-5511-48B6-BFC7-7AE5A97B760F}.Release|x64.Build.0 = Release|x64
		{E498E3BC-5511-48B6-BFC7-7AE5A97B760F}.Release|x86.ActiveCfg = Release|Win32
		{E498E3BC-5511-48B6-BFC7-7AE5A97B760F}.Release|x86.Build.0 = Release|Win32
		{A738475B-4D08-4D76-8876-BBE5791F1D69}.Debug|x64.ActiveCfg = Debug|x64
		{A738475B-4D08-4D76-8876-BBE5791F1D69}.Debug|x64.Build.0 = Debug|x64
		{A738475B-4D08-4D76-8876-BBE5791F1D69}.Debug|x86.ActiveCfg = Debug|Win32
		{A738475B-4D08-4D76-8876-BBE5791F1D69}.Debug|x86.Build.0 = Debug|Win32
		{A738475B-4D08-4D76-8876-BBE5791F1D69}.Release|x64.ActiveCfg = Release|x64
		{A738475B-4D08-4D76-8876-BBE5791F1D69}.Release|x64.Build.0 = Release|x64
		{A738475B-4D08-4D76-8876-BBE5791F1D69}.Release|x86.ActiveCfg = Release|Win32
		{A738475B-4D08-4D76-8876-BBE5791F1D69}.Release|x86.Build.0 = Release|Win32
		{921C939B-CB83-4BDA-96C6-7C71DE3C9A28}.Debug|x64.ActiveCfg = Debug|x64
		{921C939B-CB83-4BDA-96C6-7C71DE3C9A28}.Debug|x64.Build.0 = Debug|x64
		{921C939B-CB83-4BDA-96C6-7C71DE3C9A28}.Debug|x86.ActiveCfg = Debug|Win32
		{921C939B-CB83-4BDA-96C6-7C71DE3C9A28}.Debug|x86.Build.0 = Debug|Win32
		{921C939B-CB83-4BDA-96C6-7C71DE3C9A28}.Release|x64.ActiveCfg = Release|x64
		{921C939B-CB83-4BDA-96C6-7C71DE3C9A28}.Release|x64.Build.0 = Release|x64
		{921C939B-CB83-4BDA-96C6-7C71DE3C9A28}.Release|x86.ActiveCfg = Release|Win32
		{921C939B-CB83-4BDA-96C6-7C71DE3C9A28}.Release|x86.Build.0 = Release|Win32
		{8FBF2F19-2E4E-4962-980D-4A3FBE7D4501}.Debug|x64.ActiveCfg = Debug|x64
		{8FBF2F19-2E4E-4962-980D-4A3FBE7D4501}.Debug|x64.Build.0 = Debug|x64
		{8FBF2F19-2E4E-4962-980D-4A3FBE7D4501}.Debug|x86.ActiveCfg = Debug|Win32
		{8FBF2F19-2E4E-4962-980D-4A3FBE7D4501}.Debug|x86.Build.0 = Debug|Win32
		{8FBF2F19-2E4E-4962-980D-4A3FBE7D4501}.Release|x64.ActiveCfg = Release|x64
		{8FBF2F19-2E4E-4962-980D-4A3FBE7D4501}.Release|x64.Build.0 = Release|x64
		{8FBF2F19-2E4E-4962-980D-4A3FBE7D4501}.Release|x86.ActiveCfg = Release|Win32
		{8FBF2F19-2E4E-4962-980D-4A3FBE7D4501}.Release|x86.Build.0 = Release|Win32
		{884202B3-FE3B-495D-94D2-13D492BA1D26}.Debug|x64.ActiveCfg = Debug|x64
		{884202B3-FE3B-495D-94D2-13D492BA1D26}.Debug|x64.Build.0 = Debug|x64
		{884202B3-FE3B-495D-94D2-13D492BA1D26}.Debug|x86.ActiveCfg = Debug|Win32
		{884202B3-FE3B-495D-94D2-13D492BA1D26}.Debug|x86.Build.0 = Debug|Win32
		{884202B3-FE3B-495D-94D2-13D492BA1D26}.Release|x64.ActiveCfg = Release|x64
		{884202B3-FE3B-495D-94D2-13D492BA1D26}.Release|x64.Build.0 = Release|x64
		{884202B3-FE3B-495D-94D2-13D492BA1D26}.Release|x86.ActiveCfg = Release|Win32
		{884202B3-FE3B-495D-94D2-13D492BA1D26}.Release|x86.Build.0 = Release|Win32
		{DAE6D22E-C914-44FB-B359-AAD5D75E6DDA}.Debug|x64.ActiveCfg = Debug|x64
		{DAE6D22E-C914-44FB-B359-AAD5D75E6DDA}.Debug|x64.Build.0 = Debug|x64
		{DAE6D22E-C914-44FB-B359-AAD5D75E6DDA}.Debug|x86.ActiveCfg = Debug|Win32
		{DAE6D22E-C914-44FB-B359-AAD5D75E6DDA}.Debug|x86.Build.0 = Debug|Win32
		{DAE6D22E-C914-44FB-B359-AAD5D75E6DDA}.Release|x64.ActiveCfg = Release|x64
		{DAE6D22E-C914-44FB-B359-AAD5D75E6DDA}.Release|x64.Build.0 = Release|x64
		{DAE6D22E-C914-44FB-B359-AAD5D75E6DDA}.Release|x86.ActiveCfg = Release|Win32
		{DAE6D22E-C914-44FB-B359-AAD5D75E6DDA}.Release|x86.Build.0 = Release|Win32
		{1B4EC92F-B5EC-41A3-AE9F-110C11345D4A}.Debug|x64.ActiveCfg = Debug|x64
		{1B4EC92F-B5EC-41A3-AE9F-110C11345D4A}.Debug|x64.Build.0 = Debug|x64
		{1B4EC92F-B5EC-41A3-AE9F-110C11345D4A}.Debug|x86.ActiveCfg = Debug|Win32
		{1B4EC92F-B5EC-41A3-AE9F-110C11345D4A}.Debug|x86.Build.0 = Debug|Win32
		{1B4EC92F-B5EC-41A3-AE9F-110C11345D4A}.Release|x64.ActiveCfg = Release|x64
		{1B4EC92F-B5EC-41A3-AE9F-110C11345D4A}.Release|x64.Build.0 = Release|x64
		{1B4EC92F-B5EC-41A3-AE9F-110C11345D4A}.Release|x86.ActiveCfg = Release|Win32
		{1B4EC92F-B5EC-41A3-AE9F-110C11345D4A}.Release|x86.Build.0 = Release|Win32
		{ED9C0855-8DAE-435C-95F1-FD12F10760E3}.Debug|x64.ActiveCfg = Debug|x64
		{ED9C0855-8DAE-435C-95F1-FD12F10760E3}.Debug|x64.Build.0 = Debug|x64
		{ED9C0855-8DAE-435C-95F1-FD12F10760E3}.Debug|x86.ActiveCfg = Debug|Win32
		{ED9C0855-8DAE-435C-95F1-FD12F10760E3}.Debug|x86.Build.0 = Debug|Win32
		{ED9C0855-8DAE-435C-95F1-FD12F10760E3}.Release|x64.ActiveCfg = Release|x64
		{ED9C0855-8DAE-435C-95F1-FD12F10760E3}.Release|x64.Build.0 = Release|x64
		{ED9C0855-8DAE-435C-95F1-FD12F10760E3}.Release|x86.ActiveCfg = Release|Win32
		{ED9C0855-8DAE-435C-95F1-FD12F10760E3}.Release|x86.Build.0 = Release|Win32
		{68A99A7D-7729-40A4-B423-9509FC0FA61D}.Debug|x64.ActiveCfg = Debug|x64
		{68A99A7D-7729-40A4-B423-9509FC0FA61D}.Debug|x64.Build.0 = Debug|x64
		{68A99A7D-7729-40A4-B423-9509FC0FA61D}.Debug|x86.ActiveCfg = Debug|Win32
		{68A99A7D-7729-40A4-B423-9509FC0FA61D}.Debug|x86.Build.0 = Debug|Win32
		{68A99A7D-7729-40A4-B423-9509FC0FA61D}.Release|x64.ActiveCfg = Release|x64
		{68A99A7D-7729-40A4-B423-9509FC0FA61D}.Release|x64.Build.0 = Release|x64
		{68A99A7D-7729-40A4-B423-9509FC0FA61D}.Release|x86.ActiveCfg = Release|Win32
		{68A99A7D-7729-40A4-B423-9509FC0FA61D}.Release|x86.Build.0 = Release|Win32
		{FDE703D9-D32B-41E6-B78F-C6936288443E}.Debug|x64.ActiveCfg = Debug|x64
		{FDE703D9-D32B-41E6-B78F-C6936288443E}.Debug|x64.Build.0 = Debug|x64
		{FDE703D9-D32B-41E6-B78F-C6936288443E}.Debug|x86.ActiveCfg = Debug|Win32
		{FDE703D9-D32B-41E6-B78F-C6936288443E}.Debug|x86.Build.0 = Debug|Win32
		{FDE703D9-D32B-41E6-B78F-C6936288443E}.Release|x64.ActiveCfg = Release|x64
		{FDE703D9-D32B-41E6-B78F-C6936288443E}.Release|x64.Build.0 = Release|x64
		{FDE703D9-D32B-41E6-B78F-C6936288443E}.Release|x86.ActiveCfg = Release|Win32
		{FDE703D9-D32B-41E6-B78F-C6936288443E}.Release|x86.Build.0 = Release|Win32
		{B31AA0B7-1822-42AE-A5F2-1E1F6F29A0BE}.Debug|x64.ActiveCfg = Debug|x64
		{B31AA0B7-1822-42AE-A5F2-1E1F6F29A0BE}.Debug|x64.Build.0 = Debug|x64
		{B31AA0B7-1822-42AE-A5F2-1E1F6F29A0BE}.Debug|x86.ActiveCfg = Debug|Win32
		{B31AA0B7-1822-42AE-A5F2-1E1F6F29A0BE}.Debug|x86.Build.0 = Debug|Win32
		{B31AA0B7-1822-42AE-A5F2-1E1F6F29A0BE}.Release|x64.ActiveCfg = Release|x64
		{B31AA0B7-1822-42AE-A5F2-1E1F6F29A0BE}.Release|x64.Build.0 = Release|x64
		{B31AA0B7-1822-42AE-A5F2-1E1F6F29A0BE}.Release|x86.ActiveCfg = Release|Win32
		{B31AA0B7-1822-42AE-A5F2-1E1F6F29A0BE}.Release|x86.Build.0 = Release|Win32
		{8FA4E557-9EB9-4111-8FB1-1AE9CA48D432}.Debug|x64.ActiveCfg = Debug|x64
		{8FA4E557-9EB9-4111-8FB1-1AE9CA48D432}.Debug|x64.Build.0 = Debug|x64
		{8FA4E557-9EB9-4111-8FB1-1AE9CA48D432}.Debug|x86.ActiveCfg = Debug|Win32
		{8FA4E557-9EB9-4111-8FB1-1AE9CA48D432}.Debug|x86.Build.0 = Debug|Win32
		{8FA4E557-9EB9-4111-8FB1-1AE9CA48D432}.Release|x64.ActiveCfg = Release|x64
		{8FA4E557-9EB9-4111-8FB1-1AE9CA48D432}.Release|x64.Build.0 = Release|x64
		{8FA4E557-9EB9-4111-8FB1-1AE9CA48D432}.Release|x86.ActiveCfg = Release|Win32
		{8FA4E557-9EB9-4111-8FB1-1AE9CA48D432}.Release|x86.Build.0 = Release|Win32
		{21F474D8-7A36-4184-9A21-361F7126A3BF}.Debug|x64.ActiveCfg = Debug|x64
		{21F474D8-7A36-4184-9A21-361F7126A3BF}.Debug|x64.Build.0 = Debug|x64
		{21F474D8-7A36-4184-9A21-361F7126A3BF}.Debug|x86.ActiveCfg = Debug|Win32
		{21F474D8-7A36-4184-9A21-361F7126A3BF}.Debug|x86.Build.0 = Debug|Win32
		{21F474D8-7A36-4184-9A21-361F7126A3BF}.Release|x64.ActiveCfg = Release|x64
		{21F474D8-7A36-4184-9A21-361F7126A3BF}.Release|x64.Build.0 = Release|x64
		{21F474D8-7A36-4184-9A21-361F7126A3BF}.Release|x86.ActiveCfg = Release|Win32
		{21F474D8-7A36-4184-9A21-361F7126A3BF}.Release|x86.Build.0 = Release|Win32
		{015DB891-3103-4ACB-BC1D-EEE94C18A73A}.Debug|x64.ActiveCfg = Debug|x64
		{015DB891-3103-4ACB-BC1D-EEE94C18A73A}.Debug|x64.Build.0 = Debug|x64
		{015DB891-3103-4ACB-BC1D-EEE94C18A73A}.Debug|x86.ActiveCfg = Debug|Win32
		{015DB891-3103-4ACB-BC1D-EEE94C18A73A}.Debug|x86.Build.0 = Debug|Win32
		{015DB891-3103-4ACB-BC1D-EEE94C18A73A}.Release|x64.ActiveCfg = Release|x64
		{015DB891-3103-4ACB-BC1D-EEE94C18A73A}.Release|x64.Build.0 = Release|x64
		{015DB891-3103-4ACB-BC1D-EEE94C18A73A}.Release|x86.ActiveCfg = Release|Win32
		{015DB891-3103-4ACB-BC1D-EEE94C18A73A}.Release|x86.Build.0 = Release|Win32
		{02E2FF1D-9E93-4103-BE16-7D993C2CD123}.Debug|x64.ActiveCfg = Debug|x64
		{02E2FF1D-9E93-4103-BE16-7D993C2CD123}.Debug|x64.Build.0 = Debug|x64
		{02E2FF1D-9E93-4103-BE16-7D993C2CD123}.Debug|x86.ActiveCfg = Debug|Win32
		{02E2FF1D-9E93-4103-BE16-7D993C2CD123}.Debug|x86.Build.0 = Debug|Win32
		{02E2FF1D-9E93-4103-BE16-7D993C2CD123}.Release|x64.ActiveCfg = Release|x64
		{02E2FF1D-9E93-4103-BE16-7D993C2CD123}.Release|x64.Build.0 = Release|x64
		{02E2FF1D-9E93-4103-BE16-7D993C2CD123}.Release|x86.ActiveCfg = Release|Win32
		{02E2FF1D-9E93-4103-BE16-7D993C2CD123}.Release|x86.Build.0 = Release|Win32
		{DCC4CE5F-53B0-4A54-A0BF-E8DCEE16EB02}.Debug|x64.ActiveCfg = Debug|x64
		{DCC4CE5F-53B0-4A54-A0BF-E8DCEE16EB02}.Debug|x64.Build.0 = Debug|x64
		{DCC4CE5F-53B0-4A54-A0BF-E8DCEE16EB02}.Debug|x86.ActiveCfg = Debug|Win32
		{DCC4CE5F-53B0-4A54-A0BF-E8DCEE16EB02}.Debug|x86.Build.0 = Debug|Win32
		{DCC4CE5F-53B0-4A54-A0BF-E8DCEE16EB02}.Release|x64.ActiveCfg = Release|x64
		{DCC4CE5F-53B0-4A54-A0BF-E8DCEE16EB02}.Release|x64.Build.0 = Release|x64
		{DCC4CE5F-53B0-4A54-A0BF-E8DCEE16EB02}.Release|x86.ActiveCfg = Release|Win32
		{DCC4CE5F-53B0-4A54-A0BF-E8DCEE16EB02}.Release|x86.Build.0 = Release|Win32
		{4E792AD9-A520-47AF-9E0E-716A62EC4CD7}.Debug|x64.ActiveCfg = Debug|x64
		{4E792AD9-A520-47AF-9E0E-716A62EC4CD7}.Debug|x64.Build.0 = Debug|x64
		{4E792AD9-A520-47AF-9E0E-716A62EC4CD7}.Debug|x86.ActiveCfg = Debug|Win32
		{4E792AD9-A520-47AF-9E0E-716A62EC4CD7}.Debug|x86.Build.0 = Debug|Win32
		{4E792AD9-A520-47AF-9E0E-716A62EC4CD7}.Release|x64.ActiveCfg = Release|x64
		{4E792AD9-A520-47AF-9E0E-716A62EC4CD7}.Release|x64.Build.0 = Release|x64
		{4E792AD9-A520-47AF-9E0E-716A62EC4CD7}.Release|x86.ActiveCfg = Release|Win32
		{4E792AD9-A520-47AF-9E0E-716A62EC4CD7}.Release|x86.Build.0 = Release|Win32
		{AFF19B8C-9E09-4D21-B4D9-C3307FC14D0D}.Debug|x64.ActiveCfg = Debug|x64
		{AFF19B8C-9E09-4D21-B4D9-C3307FC14D0D}.Debug|x64.Build.0 = Debug|x64
		{AFF19B8C-9E09-4D21-B4D9-C3307FC14D0D}.Debug|x86.ActiveCfg = Debug|Win32
		{AFF19B8C-9E09-4D21-B4D9-C3307FC14D0D}.Debug|x86.Build.0 = Debug|Win32
		{AFF19B8C-9E09-4D21-B4D9-C3307FC14D0D}.Release|x64.ActiveCfg = Release|x64
		{AFF19B8C-9E09-4D21-B4D9-C3307FC14D0D}.Release|x64.Build.0 = Release|x64
		{AFF19B8C-9E09-4D21-B4D9-C3307FC14D0D}.Release|x86.ActiveCfg = Release|Win32
		{AFF19B8C-9E09-4D21-B4D9-C3307FC14D0D}.Release|x86.Build.0 = Release|Win32
	EndGlobalSection
	GlobalSection(SolutionProperties) = preSolution
		HideSolutionNode = FALSE
	EndGlobalSection
	GlobalSection(ExtensibilityGlobals) = postSolution
		SolutionGuid = {407FBB4E-F193-4AC9-86BA-C45CFFCE9280}
	EndGlobalSection
EndGlobal
