
Microsoft Visual Studio Solution File, Format Version 12.00
# Visual Studio 2012
Project("{8BC9CEB8-8B4A-11D0-8D11-00A0C91BC942}") = "20181127_struct", "20181127_struct\20181127_struct.vcxproj", "{10D6E77D-8854-4BCD-8744-168B1CB97C50}"
EndProject
Global
	GlobalSection(SolutionConfigurationPlatforms) = preSolution
		Debug|Win32 = Debug|Win32
		Release|Win32 = Release|Win32
	EndGlobalSection
	GlobalSection(ProjectConfigurationPlatforms) = postSolution
		{10D6E77D-8854-4BCD-8744-168B1CB97C50}.Debug|Win32.ActiveCfg = Debug|Win32
		{10D6E77D-8854-4BCD-8744-168B1CB97C50}.Debug|Win32.Build.0 = Debug|Win32
		{10D6E77D-8854-4BCD-8744-168B1CB97C50}.Release|Win32.ActiveCfg = Release|Win32
		{10D6E77D-8854-4BCD-8744-168B1CB97C50}.Release|Win32.Build.0 = Release|Win32
	EndGlobalSection
	GlobalSection(SolutionProperties) = preSolution
		HideSolutionNode = FALSE
	EndGlobalSection
EndGlobal
